// !$*UTF8*$!
{
	archiveVersion = 1;
	classes = {
	};
	objectVersion = 77;
	objects = {

/* Begin PBXBuildFile section */
		7832F7DF7A810A4AA08C6A9B /* QuoteGuessApp.swift in Sources */ = {isa = PBXBuildFile; fileRef = 4712632BDFD4404A211C9E46 /* QuoteGuessApp.swift */; };
		8848BCFF710E6057B54F41F6 /* game.js in Resources */ = {isa = PBXBuildFile; fileRef = FD5A78B088ADD3E161D49291 /* game.js */; };
		9D52E74F1901C7ADCE64F890 /* index.html in Resources */ = {isa = PBXBuildFile; fileRef = 78BB6A99F7E721E9194712F3 /* index.html */; };
		A78F45D98D860A66DB2243E2 /* style.css in Resources */ = {isa = PBXBuildFile; fileRef = 5BD13B86D435012BF624A0CD /* style.css */; };
		C61218305FD27331A5BA75F8 /* quotes.json in Resources */ = {isa = PBXBuildFile; fileRef = 85BC364057FF26631FEE9754 /* quotes.json */; };
		F5E0D53274302519608A1F1F /* GameWebView.swift in Sources */ = {isa = PBXBuildFile; fileRef = 9EC7C95F074EC3E79DCFAD7A /* GameWebView.swift */; };
/* End PBXBuildFile section */

/* Begin PBXFileReference section */
		4712632BDFD4404A211C9E46 /* QuoteGuessApp.swift */ = {isa = PBXFileReference; lastKnownFileType = sourcecode.swift; path = QuoteGuessApp.swift; sourceTree = "<group>"; };
		5BD13B86D435012BF624A0CD /* style.css */ = {isa = PBXFileReference; lastKnownFileType = text.css; path = style.css; sourceTree = "<group>"; };
		78BB6A99F7E721E9194712F3 /* index.html */ = {isa = PBXFileReference; lastKnownFileType = text.html; path = index.html; sourceTree = "<group>"; };
		85BC364057FF26631FEE9754 /* quotes.json */ = {isa = PBXFileReference; lastKnownFileType = text.json; path = quotes.json; sourceTree = "<group>"; };
		9EC7C95F074EC3E79DCFAD7A /* GameWebView.swift */ = {isa = PBXFileReference; lastKnownFileType = sourcecode.swift; path = GameWebView.swift; sourceTree = "<group>"; };
		BE2F007045C636E127E5DA87 /* QuoteGuess.app */ = {isa = PBXFileReference; includeInIndex = 0; lastKnownFileType = wrapper.application; path = QuoteGuess.app; sourceTree = BUILT_PRODUCTS_DIR; };
		C30155A374462307F38352DB /* Info.plist */ = {isa = PBXFileReference; lastKnownFileType = text.plist; path = Info.plist; sourceTree = "<group>"; };
		FD5A78B088ADD3E161D49291 /* game.js */ = {isa = PBXFileReference; lastKnownFileType = sourcecode.javascript; path = game.js; sourceTree = "<group>"; };
/* End PBXFileReference section */

/* Begin PBXGroup section */
		6D2698087405221F00B86688 /* QuoteGuess */ = {
			isa = PBXGroup;
			children = (
				9EC7C95F074EC3E79DCFAD7A /* GameWebView.swift */,
				C30155A374462307F38352DB /* Info.plist */,
				4712632BDFD4404A211C9E46 /* QuoteGuessApp.swift */,
				8B890B67AC98FA7F06E49ACE /* Resources */,
			);
			path = QuoteGuess;
			sourceTree = "<group>";
		};
		8B890B67AC98FA7F06E49ACE /* Resources */ = {
			isa = PBXGroup;
			children = (
				FD5A78B088ADD3E161D49291 /* game.js */,
				78BB6A99F7E721E9194712F3 /* index.html */,
				85BC364057FF26631FEE9754 /* quotes.json */,
				5BD13B86D435012BF624A0CD /* style.css */,
			);
			path = Resources;
			sourceTree = "<group>";
		};
		8BE7154E44711EE8B54DF0B2 /* Products */ = {
			isa = PBXGroup;
			children = (
				BE2F007045C636E127E5DA87 /* QuoteGuess.app */,
			);
			name = Products;
			sourceTree = "<group>";
		};
		F29489DDBF967A3E100C1DE6 = {
			isa = PBXGroup;
			children = (
				6D2698087405221F00B86688 /* QuoteGuess */,
				8BE7154E44711EE8B54DF0B2 /* Products */,
			);
			sourceTree = "<group>";
		};
/* End PBXGroup section */

/* Begin PBXNativeTarget section */
		32D150C37D3C3D1277E6A77A /* QuoteGuess */ = {
			isa = PBXNativeTarget;
			buildConfigurationList = 1265B907D7139D8AD60BA7B4 /* Build configuration list for PBXNativeTarget "QuoteGuess" */;
			buildPhases = (
				22A76A0DBEF8C88703877D79 /* Sources */,
				C6345DFA6BE470F5BECD83AB /* Resources */,
			);
			buildRules = (
			);
			dependencies = (
			);
			name = QuoteGuess;
			packageProductDependencies = (
			);
			productName = QuoteGuess;
			productReference = BE2F007045C636E127E5DA87 /* QuoteGuess.app */;
			productType = "com.apple.product-type.application";
		};
/* End PBXNativeTarget section */

/* Begin PBXProject section */
		B3FAB17D32CBAA60609D4C65 /* Project object */ = {
			isa = PBXProject;
			attributes = {
				BuildIndependentTargetsInParallel = YES;
				LastUpgradeCheck = 1430;
				TargetAttributes = {
				};
			};
			buildConfigurationList = 6D305C07EBC7E41E93FE4882 /* Build configuration list for PBXProject "QuoteGuess" */;
			developmentRegion = en;
			hasScannedForEncodings = 0;
			knownRegions = (
				Base,
				en,
			);
			mainGroup = F29489DDBF967A3E100C1DE6;
			minimizedProjectReferenceProxies = 1;
			preferredProjectObjectVersion = 77;
			productRefGroup = 8BE7154E44711EE8B54DF0B2 /* Products */;
			projectDirPath = "";
			projectRoot = "";
			targets = (
				32D150C37D3C3D1277E6A77A /* QuoteGuess */,
			);
		};
/* End PBXProject section */

/* Begin PBXResourcesBuildPhase section */
		C6345DFA6BE470F5BECD83AB /* Resources */ = {
			isa = PBXResourcesBuildPhase;
			buildActionMask = 2147483647;
			files = (
				8848BCFF710E6057B54F41F6 /* game.js in Resources */,
				9D52E74F1901C7ADCE64F890 /* index.html in Resources */,
				C61218305FD27331A5BA75F8 /* quotes.json in Resources */,
				A78F45D98D860A66DB2243E2 /* style.css in Resources */,
			);
			runOnlyForDeploymentPostprocessing = 0;
		};
/* End PBXResourcesBuildPhase section */

/* Begin PBXSourcesBuildPhase section */
		22A76A0DBEF8C88703877D79 /* Sources */ = {
			isa = PBXSourcesBuildPhase;
			buildActionMask = 2147483647;
			files = (
				F5E0D53274302519608A1F1F /* GameWebView.swift in Sources */,
				7832F7DF7A810A4AA08C6A9B /* QuoteGuessApp.swift in Sources */,
			);
			runOnlyForDeploymentPostprocessing = 0;
		};
/* End PBXSourcesBuildPhase section */

/* Begin XCBuildConfiguration section */
		18437B1648E10BABFDF2BDFF /* Debug */ = {
			isa = XCBuildConfiguration;
			buildSettings = {
				ASSETCATALOG_COMPILER_APPICON_NAME = AppIcon;
				CODE_SIGN_IDENTITY = "iPhone Developer";
				CURRENT_PROJECT_VERSION = 1;
				INFOPLIST_FILE = QuoteGuess/Info.plist;
				IPHONEOS_DEPLOYMENT_TARGET = 17.0;
				LD_RUNPATH_SEARCH_PATHS = (
					"$(inherited)",
					"@executable_path/Frameworks",
				);
				MARKETING_VERSION = 1.0.0;
				PRODUCT_BUNDLE_IDENTIFIER = com.heyitsmejosh.quoteguess;
				SDKROOT = iphoneos;
				TARGETED_DEVICE_FAMILY = "1,2";
			};
			name = Debug;
		};
		276817B4B5148698EFAECCAD /* Release */ = {
			isa = XCBuildConfiguration;
			buildSettings = {
				ALWAYS_SEARCH_USER_PATHS = NO;
				CLANG_ANALYZER_NONNULL = YES;
				CLANG_ANALYZER_NUMBER_OBJECT_CONVERSION = YES_AGGRESSIVE;
				CLANG_CXX_LANGUAGE_STANDARD = "gnu++14";
				CLANG_CXX_LIBRARY = "libc++";
				CLANG_ENABLE_MODULES = YES;
				CLANG_ENABLE_OBJC_ARC = YES;
				CLANG_ENABLE_OBJC_WEAK = YES;
				CLANG_WARN_BLOCK_CAPTURE_AUTORELEASING = YES;
				CLANG_WARN_BOOL_CONVERSION = YES;
				CLANG_WARN_COMMA = YES;
				CLANG_WARN_CONSTANT_CONVERSION = YES;
				CLANG_WARN_DEPRECATED_OBJC_IMPLEMENTATIONS = YES;
				CLANG_WARN_DIRECT_OBJC_ISA_USAGE = YES_ERROR;
				CLANG_WARN_DOCUMENTATION_COMMENTS = YES;
				CLANG_WARN_EMPTY_BODY = YES;
				CLANG_WARN_ENUM_CONVERSION = YES;
				CLANG_WARN_INFINITE_RECURSION = YES;
				CLANG_WARN_INT_CONVERSION = YES;
				CLANG_WARN_NON_LITERAL_NULL_CONVERSION = YES;
				CLANG_WARN_OBJC_IMPLICIT_RETAIN_SELF = YES;
				CLANG_WARN_OBJC_LITERAL_CONVERSION = YES;
				CLANG_WARN_OBJC_ROOT_CLASS = YES_ERROR;
				CLANG_WARN_QUOTED_INCLUDE_IN_FRAMEWORK_HEADER = YES;
				CLANG_WARN_RANGE_LOOP_ANALYSIS = YES;
				CLANG_WARN_STRICT_PROTOTYPES = YES;
				CLANG_WARN_SUSPICIOUS_MOVE = YES;
				CLANG_WARN_UNGUARDED_AVAILABILITY = YES_AGGRESSIVE;
				CLANG_WARN_UNREACHABLE_CODE = YES;
				CLANG_WARN__DUPLICATE_METHOD_MATCH = YES;
				COPY_PHASE_STRIP = NO;
				DEBUG_INFORMATION_FORMAT = "dwarf-with-dsym";
				ENABLE_NS_ASSERTIONS = NO;
				ENABLE_STRICT_OBJC_MSGSEND = YES;
				GCC_C_LANGUAGE_STANDARD = gnu11;
				GCC_NO_COMMON_BLOCKS = YES;
				GCC_WARN_64_TO_32_BIT_CONVERSION = YES;
				GCC_WARN_ABOUT_RETURN_TYPE = YES_ERROR;
				GCC_WARN_UNDECLARED_SELECTOR = YES;
				GCC_WARN_UNINITIALIZED_AUTOS = YES_AGGRESSIVE;
				GCC_WARN_UNUSED_FUNCTION = YES;
				GCC_WARN_UNUSED_VARIABLE = YES;
				MTL_ENABLE_DEBUG_INFO = NO;
				MTL_FAST_MATH = YES;
				PRODUCT_NAME = "$(TARGET_NAME)";
				SDKROOT = iphoneos;
				SWIFT_COMPILATION_MODE = wholemodule;
				SWIFT_OPTIMIZATION_LEVEL = "-O";
				SWIFT_VERSION = 5.0;
			};
			name = Release;
		};
		BCCF66BED30C38913179047D /* Release */ = {
			isa = XCBuildConfiguration;
			buildSettings = {
				ASSETCATALOG_COMPILER_APPICON_NAME = AppIcon;
				CODE_SIGN_IDENTITY = "iPhone Developer";
				CURRENT_PROJECT_VERSION = 1;
				INFOPLIST_FILE = QuoteGuess/Info.plist;
				IPHONEOS_DEPLOYMENT_TARGET = 17.0;
				LD_RUNPATH_SEARCH_PATHS = (
					"$(inherited)",
					"@executable_path/Frameworks",
				);
				MARKETING_VERSION = 1.0.0;
				PRODUCT_BUNDLE_IDENTIFIER = com.heyitsmejosh.quoteguess;
				SDKROOT = iphoneos;
				TARGETED_DEVICE_FAMILY = "1,2";
			};
			name = Release;
		};
		E0F403BB1932E287A4B1FAF2 /* Debug */ = {
			isa = XCBuildConfiguration;
			buildSettings = {
				ALWAYS_SEARCH_USER_PATHS = NO;
				CLANG_ANALYZER_NONNULL = YES;
				CLANG_ANALYZER_NUMBER_OBJECT_CONVERSION = YES_AGGRESSIVE;
				CLANG_CXX_LANGUAGE_STANDARD = "gnu++14";
				CLANG_CXX_LIBRARY = "libc++";
				CLANG_ENABLE_MODULES = YES;
				CLANG_ENABLE_OBJC_ARC = YES;
				CLANG_ENABLE_OBJC_WEAK = YES;
				CLANG_WARN_BLOCK_CAPTURE_AUTORELEASING = YES;
				CLANG_WARN_BOOL_CONVERSION = YES;
				CLANG_WARN_COMMA = YES;
				CLANG_WARN_CONSTANT_CONVERSION = YES;
				CLANG_WARN_DEPRECATED_OBJC_IMPLEMENTATIONS = YES;
				CLANG_WARN_DIRECT_OBJC_ISA_USAGE = YES_ERROR;
				CLANG_WARN_DOCUMENTATION_COMMENTS = YES;
				CLANG_WARN_EMPTY_BODY = YES;
				CLANG_WARN_ENUM_CONVERSION = YES;
				CLANG_WARN_INFINITE_RECURSION = YES;
				CLANG_WARN_INT_CONVERSION = YES;
				CLANG_WARN_NON_LITERAL_NULL_CONVERSION = YES;
				CLANG_WARN_OBJC_IMPLICIT_RETAIN_SELF = YES;
				CLANG_WARN_OBJC_LITERAL_CONVERSION = YES;
				CLANG_WARN_OBJC_ROOT_CLASS = YES_ERROR;
				CLANG_WARN_QUOTED_INCLUDE_IN_FRAMEWORK_HEADER = YES;
				CLANG_WARN_RANGE_LOOP_ANALYSIS = YES;
				CLANG_WARN_STRICT_PROTOTYPES = YES;
				CLANG_WARN_SUSPICIOUS_MOVE = YES;
				CLANG_WARN_UNGUARDED_AVAILABILITY = YES_AGGRESSIVE;
				CLANG_WARN_UNREACHABLE_CODE = YES;
				CLANG_WARN__DUPLICATE_METHOD_MATCH = YES;
				COPY_PHASE_STRIP = NO;
				DEBUG_INFORMATION_FORMAT = dwarf;
				ENABLE_STRICT_OBJC_MSGSEND = YES;
				ENABLE_TESTABILITY = YES;
				GCC_C_LANGUAGE_STANDARD = gnu11;
				GCC_DYNAMIC_NO_PIC = NO;
				GCC_NO_COMMON_BLOCKS = YES;
				GCC_OPTIMIZATION_LEVEL = 0;
				GCC_PREPROCESSOR_DEFINITIONS = (
					"$(inherited)",
					"DEBUG=1",
				);
				GCC_WARN_64_TO_32_BIT_CONVERSION = YES;
				GCC_WARN_ABOUT_RETURN_TYPE = YES_ERROR;
				GCC_WARN_UNDECLARED_SELECTOR = YES;
				GCC_WARN_UNINITIALIZED_AUTOS = YES_AGGRESSIVE;
				GCC_WARN_UNUSED_FUNCTION = YES;
				GCC_WARN_UNUSED_VARIABLE = YES;
				MTL_ENABLE_DEBUG_INFO = INCLUDE_SOURCE;
				MTL_FAST_MATH = YES;
				ONLY_ACTIVE_ARCH = YES;
				PRODUCT_NAME = "$(TARGET_NAME)";
				SDKROOT = iphoneos;
				SWIFT_ACTIVE_COMPILATION_CONDITIONS = DEBUG;
				SWIFT_OPTIMIZATION_LEVEL = "-Onone";
				SWIFT_VERSION = 5.0;
			};
			name = Debug;
		};
/* End XCBuildConfiguration section */

/* Begin XCConfigurationList section */
		1265B907D7139D8AD60BA7B4 /* Build configuration list for PBXNativeTarget "QuoteGuess" */ = {
			isa = XCConfigurationList;
			buildConfigurations = (
				18437B1648E10BABFDF2BDFF /* Debug */,
				BCCF66BED30C38913179047D /* Release */,
			);
			defaultConfigurationIsVisible = 0;
			defaultConfigurationName = Debug;
		};
		6D305C07EBC7E41E93FE4882 /* Build configuration list for PBXProject "QuoteGuess" */ = {
			isa = XCConfigurationList;
			buildConfigurations = (
				E0F403BB1932E287A4B1FAF2 /* Debug */,
				276817B4B5148698EFAECCAD /* Release */,
			);
			defaultConfigurationIsVisible = 0;
			defaultConfigurationName = Debug;
		};
/* End XCConfigurationList section */
	};
	rootObject = B3FAB17D32CBAA60609D4C65 /* Project object */;
}
